
Microsoft Visual Studio Solution File, Format Version 12.00
# Visual Studio Version 16
VisualStudioVersion = 16.0.30907.101
MinimumVisualStudioVersion = 10.0.40219.1
Project("{FAE04EC0-301F-11D3-BF4B-00C04F79EFBC}") = "ValorantNET", "ValorantNET\ValorantNET.csproj", "{44B3817A-E652-4704-A7A6-5EE5E54B10D4}"
EndProject
Project("{FAE04EC0-301F-11D3-BF4B-00C04F79EFBC}") = "ValorantNET.Test", "ValorantNET.Test\ValorantNET.Test.csproj", "{8BB1A6E7-52C2-407C-AC89-3A897EBFA985}"
EndProject
Global
	GlobalSection(SolutionConfigurationPlatforms) = preSolution
		Debug|Any CPU = Debug|Any CPU
		Release|Any CPU = Release|Any CPU
	EndGlobalSection
	GlobalSection(ProjectConfigurationPlatforms) = postSolution
		{44B3817A-E652-4704-A7A6-5EE5E54B10D4}.Debug|Any CPU.ActiveCfg = Debug|Any CPU
		{44B3817A-E652-4704-A7A6-5EE5E54B10D4}.Debug|Any CPU.Build.0 = Debug|Any CPU
		{44B3817A-E652-4704-A7A6-5EE5E54B10D4}.Release|Any CPU.ActiveCfg = Release|Any CPU
		{44B3817A-E652-4704-A7A6-5EE5E54B10D4}.Release|Any CPU.Build.0 = Release|Any CPU
		{8BB1A6E7-52C2-407C-AC89-3A897EBFA985}.Debug|Any CPU.ActiveCfg = Debug|Any CPU
		{8BB1A6E7-52C2-407C-AC89-3A897EBFA985}.Debug|Any CPU.Build.0 = Debug|Any CPU
		{8BB1A6E7-52C2-407C-AC89-3A897EBFA985}.Release|Any CPU.ActiveCfg = Release|Any CPU
		{8BB1A6E7-52C2-407C-AC89-3A897EBFA985}.Release|Any CPU.Build.0 = Release|Any CPU
	EndGlobalSection
	GlobalSection(SolutionProperties) = preSolution
		HideSolutionNode = FALSE
	EndGlobalSection
	GlobalSection(ExtensibilityGlobals) = postSolution
		SolutionGuid = {B2AC5D46-AD96-4A1A-9D8B-945516B18FC3}
	EndGlobalSection
EndGlobal
